<Solution>
  <Folder Name="/src/">
    <Project Path="backend/src/Galvao.Application/Galvao.Application.csproj" />
    <Project Path="backend/src/Galvao.Domain/Galvao.Domain.csproj" />
    <Project Path="backend/src/Galvao.Infrastructure/Galvao.Infrastructure.csproj" />
    <Project Path="backend/src/Galvao.Presentation/Galvao.Presentation.csproj" />
    <Project Path="backend/src/Galvao.Shared/Galvao.Shared.csproj" />
  </Folder>
  <Folder Name="/tests/">
    <Project Path="backend/tests/Galvao.UnitTests/Galvao.UnitTests.csproj" />
  </Folder>
</Solution>
